
Microsoft Visual Studio Solution File, Format Version 12.00
# Visual Studio Version 16
VisualStudioVersion = 16.0.35130.168
MinimumVisualStudioVersion = 10.0.40219.1
Project("{FAE04EC0-301F-11D3-BF4B-00C04F79EFBC}") = "ProblemSolvingDataStructure", "ProblemSolvingDataStructure\ProblemSolvingDataStructure.csproj", "{4D330770-E258-4F2E-A106-2D92CE15D594}"
EndProject
Global
	GlobalSection(SolutionConfigurationPlatforms) = preSolution
		Debug|Any CPU = Debug|Any CPU
		Release|Any CPU = Release|Any CPU
	EndGlobalSection
	GlobalSection(ProjectConfigurationPlatforms) = postSolution
		{4D330770-E258-4F2E-A106-2D92CE15D594}.Debug|Any CPU.ActiveCfg = Debug|Any CPU
		{4D330770-E258-4F2E-A106-2D92CE15D594}.Debug|Any CPU.Build.0 = Debug|Any CPU
		{4D330770-E258-4F2E-A106-2D92CE15D594}.Release|Any CPU.ActiveCfg = Release|Any CPU
		{4D330770-E258-4F2E-A106-2D92CE15D594}.Release|Any CPU.Build.0 = Release|Any CPU
	EndGlobalSection
	GlobalSection(SolutionProperties) = preSolution
		HideSolutionNode = FALSE
	EndGlobalSection
	GlobalSection(ExtensibilityGlobals) = postSolution
		SolutionGuid = {E5D86CC4-3353-44EF-B3BD-9623E37267AC}
	EndGlobalSection
EndGlobal
